
Microsoft Visual Studio Solution File, Format Version 12.00
# Visual Studio Version 17
VisualStudioVersion = 17.7.34031.279
MinimumVisualStudioVersion = 10.0.40219.1
Project("{FAE04EC0-301F-11D3-BF4B-00C04F79EFBC}") = "ConsoleApp8", "ConsoleApp8.csproj", "{882507B8-E3A4-4641-B033-D4EAE78D4C3B}"
EndProject
Global
	GlobalSection(SolutionConfigurationPlatforms) = preSolution
		Debug|Any CPU = Debug|Any CPU
		Release|Any CPU = Release|Any CPU
	EndGlobalSection
	GlobalSection(ProjectConfigurationPlatforms) = postSolution
		{882507B8-E3A4-4641-B033-D4EAE78D4C3B}.Debug|Any CPU.ActiveCfg = Debug|Any CPU
		{882507B8-E3A4-4641-B033-D4EAE78D4C3B}.Debug|Any CPU.Build.0 = Debug|Any CPU
		{882507B8-E3A4-4641-B033-D4EAE78D4C3B}.Release|Any CPU.ActiveCfg = Release|Any CPU
		{882507B8-E3A4-4641-B033-D4EAE78D4C3B}.Release|Any CPU.Build.0 = Release|Any CPU
	EndGlobalSection
	GlobalSection(SolutionProperties) = preSolution
		HideSolutionNode = FALSE
	EndGlobalSection
	GlobalSection(ExtensibilityGlobals) = postSolution
		SolutionGuid = {F04C17F5-8CF9-4502-A66B-F4019A5DDF60}
	EndGlobalSection
EndGlobal
